<?xml version="1.0" encoding="utf-8"?>
<Project ToolsVersion="14.0" xmlns="http://schemas.microsoft.com/developer/msbuild/2003">
  <ItemGroup>
    <Filter Include="Resources">
      <UniqueIdentifier>69bdafb1-42b1-4912-8b59-a5a22fd30af0</UniqueIdentifier>
      <Extensions>rc;ico;cur;bmp;dlg;rc2;rct;bin;rgs;gif;jpg;jpeg;jpe;resx;tga;tiff;tif;png;wav;mfcribbon-ms</Extensions>
    </Filter>
  </ItemGroup>
  <ItemGroup>
    <ClCompile Include="pch.cpp" />
    <ClCompile Include="AllJoynBusObjectManager.cpp" />
    <ClCompile Include="AllJoynHelpers.cpp" />
    <ClCompile Include="HumidityConsumer.cpp" />
    <ClCompile Include="HumidityProducer.cpp" />
    <ClCompile Include="HumidityServiceEventAdapter.cpp" />
    <ClCompile Include="HumidityServiceEventArgs.cpp" />
    <ClCompile Include="HumiditySignals.cpp" />
    <ClCompile Include="HumidityWatcher.cpp" />
    <ClCompile Include="TypeConversionHelpers.cpp" />
  </ItemGroup>
  <ItemGroup>
    <ClInclude Include="pch.h" />
    <ClInclude Include="AllJoynBusObjectManager.h" />
    <ClInclude Include="AllJoynHelpers.h" />
    <ClInclude Include="HumidityConsumer.h" />
    <ClInclude Include="HumidityEventArgs.h" />
    <ClInclude Include="HumidityMethodResults.h" />
    <ClInclude Include="HumidityProducer.h" />
    <ClInclude Include="HumidityServiceEventAdapter.h" />
    <ClInclude Include="HumidityServiceEventArgs.h" />
    <ClInclude Include="HumiditySignals.h" />
    <ClInclude Include="HumidityStructures.h" />
    <ClInclude Include="HumidityWatcher.h" />
    <ClInclude Include="IHumidityService.h" />
    <ClInclude Include="TypeConversionHelpers.h" />
  </ItemGroup>
</Project>