
Microsoft Visual Studio Solution File, Format Version 12.00
# Visual Studio 14
VisualStudioVersion = 14.0.25123.0
MinimumVisualStudioVersion = 10.0.40219.1
Project("{2150E333-8FDC-42A3-9474-1A3956D46DE8}") = "HeadedClient", "HeadedClient", "{3079A8B5-EDDD-48A8-ACF7-1FF387B262C4}"
EndProject
Project("{FAE04EC0-301F-11D3-BF4B-00C04F79EFBC}") = "SensorClient", "SensorHub\SensorClient\SensorClient.csproj", "{D8A9872F-32D5-4B89-BCA0-F99B9ECD9907}"
EndProject
Project("{2150E333-8FDC-42A3-9474-1A3956D46DE8}") = "RemoteMonitoring", "RemoteMonitoring", "{76B12416-A13F-4B4D-A875-2C8FC09E7E92}"
	ProjectSection(SolutionItems) = preProject
		..\Rpi_DeviceInfo.json = ..\Rpi_DeviceInfo.json
		..\SampleDevice_DeviceInfo.json = ..\SampleDevice_DeviceInfo.json
	EndProjectSection
EndProject
Project("{FAE04EC0-301F-11D3-BF4B-00C04F79EFBC}") = "RemoteMonitoring", "RemoteMonitoring\RemoteMonitoring.csproj", "{96E8B61D-4196-4602-A669-7FA4B160884E}"
EndProject
Project("{FAE04EC0-301F-11D3-BF4B-00C04F79EFBC}") = "Common", "Common\Common.csproj", "{277A58E4-4D92-4BDB-AACD-2F8DFB5603BF}"
EndProject
Project("{2150E333-8FDC-42A3-9474-1A3956D46DE8}") = "ZWave", "ZWave", "{F471167B-0F8C-442F-9AE9-D0E09CC8A872}"
EndProject
Project("{8BC9CEB8-8B4A-11D0-8D11-00A0C91BC942}") = "AdapterLib", "AdapterLib\AdapterLib.vcxproj", "{8D539C08-EA54-475F-B691-7BD8B8B67956}"
EndProject
Project("{8BC9CEB8-8B4A-11D0-8D11-00A0C91BC942}") = "OpenZWave", "open-zwave\cpp\build\winRT\vs2015\OpenZWave.vcxproj", "{E830F9D6-8173-4B0B-9ECE-CAADFA531B54}"
EndProject
Global
	GlobalSection(SolutionConfigurationPlatforms) = preSolution
		Debug|Any CPU = Debug|Any CPU
		Debug|ARM = Debug|ARM
		Debug|x64 = Debug|x64
		Debug|x86 = Debug|x86
		Release_Delay_Sign|Any CPU = Release_Delay_Sign|Any CPU
		Release_Delay_Sign|ARM = Release_Delay_Sign|ARM
		Release_Delay_Sign|x64 = Release_Delay_Sign|x64
		Release_Delay_Sign|x86 = Release_Delay_Sign|x86
		Release|Any CPU = Release|Any CPU
		Release|ARM = Release|ARM
		Release|x64 = Release|x64
		Release|x86 = Release|x86
	EndGlobalSection
	GlobalSection(ProjectConfigurationPlatforms) = postSolution
		{D8A9872F-32D5-4B89-BCA0-F99B9ECD9907}.Debug|Any CPU.ActiveCfg = Debug|x86
		{D8A9872F-32D5-4B89-BCA0-F99B9ECD9907}.Debug|ARM.ActiveCfg = Debug|ARM
		{D8A9872F-32D5-4B89-BCA0-F99B9ECD9907}.Debug|ARM.Build.0 = Debug|ARM
		{D8A9872F-32D5-4B89-BCA0-F99B9ECD9907}.Debug|ARM.Deploy.0 = Debug|ARM
		{D8A9872F-32D5-4B89-BCA0-F99B9ECD9907}.Debug|x64.ActiveCfg = Debug|x64
		{D8A9872F-32D5-4B89-BCA0-F99B9ECD9907}.Debug|x64.Build.0 = Debug|x64
		{D8A9872F-32D5-4B89-BCA0-F99B9ECD9907}.Debug|x64.Deploy.0 = Debug|x64
		{D8A9872F-32D5-4B89-BCA0-F99B9ECD9907}.Debug|x86.ActiveCfg = Debug|x86
		{D8A9872F-32D5-4B89-BCA0-F99B9ECD9907}.Debug|x86.Build.0 = Debug|x86
		{D8A9872F-32D5-4B89-BCA0-F99B9ECD9907}.Debug|x86.Deploy.0 = Debug|x86
		{D8A9872F-32D5-4B89-BCA0-F99B9ECD9907}.Release_Delay_Sign|Any CPU.ActiveCfg = Release|x64
		{D8A9872F-32D5-4B89-BCA0-F99B9ECD9907}.Release_Delay_Sign|Any CPU.Build.0 = Release|x64
		{D8A9872F-32D5-4B89-BCA0-F99B9ECD9907}.Release_Delay_Sign|Any CPU.Deploy.0 = Release|x64
		{D8A9872F-32D5-4B89-BCA0-F99B9ECD9907}.Release_Delay_Sign|ARM.ActiveCfg = Release|ARM
		{D8A9872F-32D5-4B89-BCA0-F99B9ECD9907}.Release_Delay_Sign|ARM.Build.0 = Release|ARM
		{D8A9872F-32D5-4B89-BCA0-F99B9ECD9907}.Release_Delay_Sign|ARM.Deploy.0 = Release|ARM
		{D8A9872F-32D5-4B89-BCA0-F99B9ECD9907}.Release_Delay_Sign|x64.ActiveCfg = Release|x64
		{D8A9872F-32D5-4B89-BCA0-F99B9ECD9907}.Release_Delay_Sign|x64.Build.0 = Release|x64
		{D8A9872F-32D5-4B89-BCA0-F99B9ECD9907}.Release_Delay_Sign|x64.Deploy.0 = Release|x64
		{D8A9872F-32D5-4B89-BCA0-F99B9ECD9907}.Release_Delay_Sign|x86.ActiveCfg = Release|x86
		{D8A9872F-32D5-4B89-BCA0-F99B9ECD9907}.Release_Delay_Sign|x86.Build.0 = Release|x86
		{D8A9872F-32D5-4B89-BCA0-F99B9ECD9907}.Release_Delay_Sign|x86.Deploy.0 = Release|x86
		{D8A9872F-32D5-4B89-BCA0-F99B9ECD9907}.Release|Any CPU.ActiveCfg = Release|x86
		{D8A9872F-32D5-4B89-BCA0-F99B9ECD9907}.Release|ARM.ActiveCfg = Release|ARM
		{D8A9872F-32D5-4B89-BCA0-F99B9ECD9907}.Release|ARM.Build.0 = Release|ARM
		{D8A9872F-32D5-4B89-BCA0-F99B9ECD9907}.Release|ARM.Deploy.0 = Release|ARM
		{D8A9872F-32D5-4B89-BCA0-F99B9ECD9907}.Release|x64.ActiveCfg = Release|x64
		{D8A9872F-32D5-4B89-BCA0-F99B9ECD9907}.Release|x64.Build.0 = Release|x64
		{D8A9872F-32D5-4B89-BCA0-F99B9ECD9907}.Release|x64.Deploy.0 = Release|x64
		{D8A9872F-32D5-4B89-BCA0-F99B9ECD9907}.Release|x86.ActiveCfg = Release|x86
		{D8A9872F-32D5-4B89-BCA0-F99B9ECD9907}.Release|x86.Build.0 = Release|x86
		{D8A9872F-32D5-4B89-BCA0-F99B9ECD9907}.Release|x86.Deploy.0 = Release|x86
		{96E8B61D-4196-4602-A669-7FA4B160884E}.Debug|Any CPU.ActiveCfg = Debug|Any CPU
		{96E8B61D-4196-4602-A669-7FA4B160884E}.Debug|Any CPU.Build.0 = Debug|Any CPU
		{96E8B61D-4196-4602-A669-7FA4B160884E}.Debug|ARM.ActiveCfg = Debug|ARM
		{96E8B61D-4196-4602-A669-7FA4B160884E}.Debug|ARM.Build.0 = Debug|ARM
		{96E8B61D-4196-4602-A669-7FA4B160884E}.Debug|x64.ActiveCfg = Debug|x64
		{96E8B61D-4196-4602-A669-7FA4B160884E}.Debug|x64.Build.0 = Debug|x64
		{96E8B61D-4196-4602-A669-7FA4B160884E}.Debug|x86.ActiveCfg = Debug|x86
		{96E8B61D-4196-4602-A669-7FA4B160884E}.Debug|x86.Build.0 = Debug|x86
		{96E8B61D-4196-4602-A669-7FA4B160884E}.Release_Delay_Sign|Any CPU.ActiveCfg = Release|Any CPU
		{96E8B61D-4196-4602-A669-7FA4B160884E}.Release_Delay_Sign|Any CPU.Build.0 = Release|Any CPU
		{96E8B61D-4196-4602-A669-7FA4B160884E}.Release_Delay_Sign|ARM.ActiveCfg = Release|ARM
		{96E8B61D-4196-4602-A669-7FA4B160884E}.Release_Delay_Sign|ARM.Build.0 = Release|ARM
		{96E8B61D-4196-4602-A669-7FA4B160884E}.Release_Delay_Sign|x64.ActiveCfg = Release|x64
		{96E8B61D-4196-4602-A669-7FA4B160884E}.Release_Delay_Sign|x64.Build.0 = Release|x64
		{96E8B61D-4196-4602-A669-7FA4B160884E}.Release_Delay_Sign|x86.ActiveCfg = Release|x86
		{96E8B61D-4196-4602-A669-7FA4B160884E}.Release_Delay_Sign|x86.Build.0 = Release|x86
		{96E8B61D-4196-4602-A669-7FA4B160884E}.Release|Any CPU.ActiveCfg = Release|Any CPU
		{96E8B61D-4196-4602-A669-7FA4B160884E}.Release|Any CPU.Build.0 = Release|Any CPU
		{96E8B61D-4196-4602-A669-7FA4B160884E}.Release|ARM.ActiveCfg = Release|ARM
		{96E8B61D-4196-4602-A669-7FA4B160884E}.Release|ARM.Build.0 = Release|ARM
		{96E8B61D-4196-4602-A669-7FA4B160884E}.Release|x64.ActiveCfg = Release|x64
		{96E8B61D-4196-4602-A669-7FA4B160884E}.Release|x64.Build.0 = Release|x64
		{96E8B61D-4196-4602-A669-7FA4B160884E}.Release|x86.ActiveCfg = Release|x86
		{96E8B61D-4196-4602-A669-7FA4B160884E}.Release|x86.Build.0 = Release|x86
		{277A58E4-4D92-4BDB-AACD-2F8DFB5603BF}.Debug|Any CPU.ActiveCfg = Debug|Any CPU
		{277A58E4-4D92-4BDB-AACD-2F8DFB5603BF}.Debug|Any CPU.Build.0 = Debug|Any CPU
		{277A58E4-4D92-4BDB-AACD-2F8DFB5603BF}.Debug|ARM.ActiveCfg = Debug|ARM
		{277A58E4-4D92-4BDB-AACD-2F8DFB5603BF}.Debug|ARM.Build.0 = Debug|ARM
		{277A58E4-4D92-4BDB-AACD-2F8DFB5603BF}.Debug|x64.ActiveCfg = Debug|x64
		{277A58E4-4D92-4BDB-AACD-2F8DFB5603BF}.Debug|x64.Build.0 = Debug|x64
		{277A58E4-4D92-4BDB-AACD-2F8DFB5603BF}.Debug|x86.ActiveCfg = Debug|x86
		{277A58E4-4D92-4BDB-AACD-2F8DFB5603BF}.Debug|x86.Build.0 = Debug|x86
		{277A58E4-4D92-4BDB-AACD-2F8DFB5603BF}.Release_Delay_Sign|Any CPU.ActiveCfg = Release|Any CPU
		{277A58E4-4D92-4BDB-AACD-2F8DFB5603BF}.Release_Delay_Sign|Any CPU.Build.0 = Release|Any CPU
		{277A58E4-4D92-4BDB-AACD-2F8DFB5603BF}.Release_Delay_Sign|ARM.ActiveCfg = Release|ARM
		{277A58E4-4D92-4BDB-AACD-2F8DFB5603BF}.Release_Delay_Sign|ARM.Build.0 = Release|ARM
		{277A58E4-4D92-4BDB-AACD-2F8DFB5603BF}.Release_Delay_Sign|x64.ActiveCfg = Release|x64
		{277A58E4-4D92-4BDB-AACD-2F8DFB5603BF}.Release_Delay_Sign|x64.Build.0 = Release|x64
		{277A58E4-4D92-4BDB-AACD-2F8DFB5603BF}.Release_Delay_Sign|x86.ActiveCfg = Release|x86
		{277A58E4-4D92-4BDB-AACD-2F8DFB5603BF}.Release_Delay_Sign|x86.Build.0 = Release|x86
		{277A58E4-4D92-4BDB-AACD-2F8DFB5603BF}.Release|Any CPU.ActiveCfg = Release|Any CPU
		{277A58E4-4D92-4BDB-AACD-2F8DFB5603BF}.Release|Any CPU.Build.0 = Release|Any CPU
		{277A58E4-4D92-4BDB-AACD-2F8DFB5603BF}.Release|ARM.ActiveCfg = Release|ARM
		{277A58E4-4D92-4BDB-AACD-2F8DFB5603BF}.Release|ARM.Build.0 = Release|ARM
		{277A58E4-4D92-4BDB-AACD-2F8DFB5603BF}.Release|x64.ActiveCfg = Release|x64
		{277A58E4-4D92-4BDB-AACD-2F8DFB5603BF}.Release|x64.Build.0 = Release|x64
		{277A58E4-4D92-4BDB-AACD-2F8DFB5603BF}.Release|x86.ActiveCfg = Release|x86
		{277A58E4-4D92-4BDB-AACD-2F8DFB5603BF}.Release|x86.Build.0 = Release|x86
		{8D539C08-EA54-475F-B691-7BD8B8B67956}.Debug|Any CPU.ActiveCfg = Debug|Win32
		{8D539C08-EA54-475F-B691-7BD8B8B67956}.Debug|ARM.ActiveCfg = Debug|ARM
		{8D539C08-EA54-475F-B691-7BD8B8B67956}.Debug|ARM.Build.0 = Debug|ARM
		{8D539C08-EA54-475F-B691-7BD8B8B67956}.Debug|x64.ActiveCfg = Debug|x64
		{8D539C08-EA54-475F-B691-7BD8B8B67956}.Debug|x64.Build.0 = Debug|x64
		{8D539C08-EA54-475F-B691-7BD8B8B67956}.Debug|x86.ActiveCfg = Debug|Win32
		{8D539C08-EA54-475F-B691-7BD8B8B67956}.Debug|x86.Build.0 = Debug|Win32
		{8D539C08-EA54-475F-B691-7BD8B8B67956}.Release_Delay_Sign|Any CPU.ActiveCfg = Release|x64
		{8D539C08-EA54-475F-B691-7BD8B8B67956}.Release_Delay_Sign|Any CPU.Build.0 = Release|x64
		{8D539C08-EA54-475F-B691-7BD8B8B67956}.Release_Delay_Sign|ARM.ActiveCfg = Release|ARM
		{8D539C08-EA54-475F-B691-7BD8B8B67956}.Release_Delay_Sign|ARM.Build.0 = Release|ARM
		{8D539C08-EA54-475F-B691-7BD8B8B67956}.Release_Delay_Sign|x64.ActiveCfg = Release|x64
		{8D539C08-EA54-475F-B691-7BD8B8B67956}.Release_Delay_Sign|x64.Build.0 = Release|x64
		{8D539C08-EA54-475F-B691-7BD8B8B67956}.Release_Delay_Sign|x86.ActiveCfg = Release|Win32
		{8D539C08-EA54-475F-B691-7BD8B8B67956}.Release_Delay_Sign|x86.Build.0 = Release|Win32
		{8D539C08-EA54-475F-B691-7BD8B8B67956}.Release|Any CPU.ActiveCfg = Release|Win32
		{8D539C08-EA54-475F-B691-7BD8B8B67956}.Release|ARM.ActiveCfg = Release|ARM
		{8D539C08-EA54-475F-B691-7BD8B8B67956}.Release|ARM.Build.0 = Release|ARM
		{8D539C08-EA54-475F-B691-7BD8B8B67956}.Release|x64.ActiveCfg = Release|x64
		{8D539C08-EA54-475F-B691-7BD8B8B67956}.Release|x64.Build.0 = Release|x64
		{8D539C08-EA54-475F-B691-7BD8B8B67956}.Release|x86.ActiveCfg = Release|Win32
		{8D539C08-EA54-475F-B691-7BD8B8B67956}.Release|x86.Build.0 = Release|Win32
		{E830F9D6-8173-4B0B-9ECE-CAADFA531B54}.Debug|Any CPU.ActiveCfg = Debug|Win32
		{E830F9D6-8173-4B0B-9ECE-CAADFA531B54}.Debug|ARM.ActiveCfg = Debug|ARM
		{E830F9D6-8173-4B0B-9ECE-CAADFA531B54}.Debug|ARM.Build.0 = Debug|ARM
		{E830F9D6-8173-4B0B-9ECE-CAADFA531B54}.Debug|x64.ActiveCfg = Debug|x64
		{E830F9D6-8173-4B0B-9ECE-CAADFA531B54}.Debug|x64.Build.0 = Debug|x64
		{E830F9D6-8173-4B0B-9ECE-CAADFA531B54}.Debug|x86.ActiveCfg = Debug|Win32
		{E830F9D6-8173-4B0B-9ECE-CAADFA531B54}.Debug|x86.Build.0 = Debug|Win32
		{E830F9D6-8173-4B0B-9ECE-CAADFA531B54}.Release_Delay_Sign|Any CPU.ActiveCfg = Release|x64
		{E830F9D6-8173-4B0B-9ECE-CAADFA531B54}.Release_Delay_Sign|Any CPU.Build.0 = Release|x64
		{E830F9D6-8173-4B0B-9ECE-CAADFA531B54}.Release_Delay_Sign|ARM.ActiveCfg = Release|ARM
		{E830F9D6-8173-4B0B-9ECE-CAADFA531B54}.Release_Delay_Sign|ARM.Build.0 = Release|ARM
		{E830F9D6-8173-4B0B-9ECE-CAADFA531B54}.Release_Delay_Sign|x64.ActiveCfg = Release|x64
		{E830F9D6-8173-4B0B-9ECE-CAADFA531B54}.Release_Delay_Sign|x64.Build.0 = Release|x64
		{E830F9D6-8173-4B0B-9ECE-CAADFA531B54}.Release_Delay_Sign|x86.ActiveCfg = Release|Win32
		{E830F9D6-8173-4B0B-9ECE-CAADFA531B54}.Release_Delay_Sign|x86.Build.0 = Release|Win32
		{E830F9D6-8173-4B0B-9ECE-CAADFA531B54}.Release|Any CPU.ActiveCfg = Release|Win32
		{E830F9D6-8173-4B0B-9ECE-CAADFA531B54}.Release|ARM.ActiveCfg = Release|ARM
		{E830F9D6-8173-4B0B-9ECE-CAADFA531B54}.Release|ARM.Build.0 = Release|ARM
		{E830F9D6-8173-4B0B-9ECE-CAADFA531B54}.Release|x64.ActiveCfg = Release|x64
		{E830F9D6-8173-4B0B-9ECE-CAADFA531B54}.Release|x64.Build.0 = Release|x64
		{E830F9D6-8173-4B0B-9ECE-CAADFA531B54}.Release|x86.ActiveCfg = Release|Win32
		{E830F9D6-8173-4B0B-9ECE-CAADFA531B54}.Release|x86.Build.0 = Release|Win32
	EndGlobalSection
	GlobalSection(SolutionProperties) = preSolution
		HideSolutionNode = FALSE
	EndGlobalSection
	GlobalSection(NestedProjects) = preSolution
		{D8A9872F-32D5-4B89-BCA0-F99B9ECD9907} = {3079A8B5-EDDD-48A8-ACF7-1FF387B262C4}
		{96E8B61D-4196-4602-A669-7FA4B160884E} = {76B12416-A13F-4B4D-A875-2C8FC09E7E92}
		{277A58E4-4D92-4BDB-AACD-2F8DFB5603BF} = {76B12416-A13F-4B4D-A875-2C8FC09E7E92}
		{8D539C08-EA54-475F-B691-7BD8B8B67956} = {F471167B-0F8C-442F-9AE9-D0E09CC8A872}
		{E830F9D6-8173-4B0B-9ECE-CAADFA531B54} = {F471167B-0F8C-442F-9AE9-D0E09CC8A872}
	EndGlobalSection
EndGlobal
