
Microsoft Visual Studio Solution File, Format Version 12.00
# Visual Studio 14
VisualStudioVersion = 14.0.25123.0
MinimumVisualStudioVersion = 10.0.40219.1
Project("{2150E333-8FDC-42A3-9474-1A3956D46DE8}") = "Adapter", "Adapter", "{DAAB26EE-4E76-4139-8F09-8B07B743C8CB}"
EndProject
Project("{8BC9CEB8-8B4A-11D0-8D11-00A0C91BC942}") = "AdapterLib", "SensorHub\AdapterLib\AdapterLib.vcxproj", "{8D539C08-EA54-475F-B691-7BD8B8B67956}"
EndProject
Project("{8BC9CEB8-8B4A-11D0-8D11-00A0C91BC942}") = "HeadlessAdapterApp", "SensorHub\HeadlessAdapterApp\HeadlessAdapterApp.vcxproj", "{FF83E5D3-4F9D-47ED-82B6-B1FD087CDBCA}"
EndProject
Project("{2150E333-8FDC-42A3-9474-1A3956D46DE8}") = "Platform", "Platform", "{E6843F94-7181-44E9-953D-DAE96255A7BC}"
EndProject
Project("{8BC9CEB8-8B4A-11D0-8D11-00A0C91BC942}") = "BridgeRT", "SensorHub\BridgeRT\BridgeRT.vcxproj", "{2783A617-8E1D-40D1-9684-DFAEB8DD5406}"
EndProject
Project("{8BC9CEB8-8B4A-11D0-8D11-00A0C91BC942}") = "Common", "SensorHub\Common\Common.vcxproj", "{4D445253-3BBA-455D-B324-ECE00D4FE480}"
EndProject
Project("{2150E333-8FDC-42A3-9474-1A3956D46DE8}") = "AllJoynInterfaces", "AllJoynInterfaces", "{DDBA95A0-6162-4221-AC95-FEB5620D28A6}"
EndProject
Project("{2150E333-8FDC-42A3-9474-1A3956D46DE8}") = "HeadedClient", "HeadedClient", "{3079A8B5-EDDD-48A8-ACF7-1FF387B262C4}"
EndProject
Project("{FAE04EC0-301F-11D3-BF4B-00C04F79EFBC}") = "SensorClient", "SensorHub\SensorClient\SensorClient.csproj", "{D8A9872F-32D5-4B89-BCA0-F99B9ECD9907}"
EndProject
Project("{2150E333-8FDC-42A3-9474-1A3956D46DE8}") = "RemoteMonitoring", "RemoteMonitoring", "{76B12416-A13F-4B4D-A875-2C8FC09E7E92}"
	ProjectSection(SolutionItems) = preProject
		..\Rpi_DeviceInfo.json = ..\Rpi_DeviceInfo.json
		..\SampleDevice_DeviceInfo.json = ..\SampleDevice_DeviceInfo.json
	EndProjectSection
EndProject
Project("{FAE04EC0-301F-11D3-BF4B-00C04F79EFBC}") = "RemoteMonitoring", "RemoteMonitoring\RemoteMonitoring.csproj", "{96E8B61D-4196-4602-A669-7FA4B160884E}"
EndProject
Project("{FAE04EC0-301F-11D3-BF4B-00C04F79EFBC}") = "Common", "Common\Common.csproj", "{277A58E4-4D92-4BDB-AACD-2F8DFB5603BF}"
EndProject
Project("{8BC9CEB8-8B4A-11D0-8D11-00A0C91BC942}") = "com.mtcmoscow.SensorHub.Humidity", "SensorHub\com.mtcmoscow.SensorHub.Humidity\com.mtcmoscow.SensorHub.Humidity.vcxproj", "{4AF4A6D7-40B2-465B-B1C2-CCBC8F7978C0}"
EndProject
Project("{8BC9CEB8-8B4A-11D0-8D11-00A0C91BC942}") = "com.mtcmoscow.SensorHub.Pressure", "SensorHub\com.mtcmoscow.SensorHub.Pressure\com.mtcmoscow.SensorHub.Pressure.vcxproj", "{687E5A89-55C7-4379-BABF-02EE77C70616}"
EndProject
Project("{8BC9CEB8-8B4A-11D0-8D11-00A0C91BC942}") = "com.mtcmoscow.SensorHub.Temperature", "SensorHub\com.mtcmoscow.SensorHub.Temperature\com.mtcmoscow.SensorHub.Temperature.vcxproj", "{2F86D6B6-44DC-4FD4-B7A1-A9737EB730E0}"
EndProject
Global
	GlobalSection(SolutionConfigurationPlatforms) = preSolution
		Debug|Any CPU = Debug|Any CPU
		Debug|ARM = Debug|ARM
		Debug|x64 = Debug|x64
		Debug|x86 = Debug|x86
		Release_Delay_Sign|Any CPU = Release_Delay_Sign|Any CPU
		Release_Delay_Sign|ARM = Release_Delay_Sign|ARM
		Release_Delay_Sign|x64 = Release_Delay_Sign|x64
		Release_Delay_Sign|x86 = Release_Delay_Sign|x86
		Release|Any CPU = Release|Any CPU
		Release|ARM = Release|ARM
		Release|x64 = Release|x64
		Release|x86 = Release|x86
	EndGlobalSection
	GlobalSection(ProjectConfigurationPlatforms) = postSolution
		{8D539C08-EA54-475F-B691-7BD8B8B67956}.Debug|Any CPU.ActiveCfg = Debug|Win32
		{8D539C08-EA54-475F-B691-7BD8B8B67956}.Debug|ARM.ActiveCfg = Debug|ARM
		{8D539C08-EA54-475F-B691-7BD8B8B67956}.Debug|ARM.Build.0 = Debug|ARM
		{8D539C08-EA54-475F-B691-7BD8B8B67956}.Debug|x64.ActiveCfg = Debug|x64
		{8D539C08-EA54-475F-B691-7BD8B8B67956}.Debug|x64.Build.0 = Debug|x64
		{8D539C08-EA54-475F-B691-7BD8B8B67956}.Debug|x86.ActiveCfg = Debug|Win32
		{8D539C08-EA54-475F-B691-7BD8B8B67956}.Debug|x86.Build.0 = Debug|Win32
		{8D539C08-EA54-475F-B691-7BD8B8B67956}.Release_Delay_Sign|Any CPU.ActiveCfg = Release|x64
		{8D539C08-EA54-475F-B691-7BD8B8B67956}.Release_Delay_Sign|Any CPU.Build.0 = Release|x64
		{8D539C08-EA54-475F-B691-7BD8B8B67956}.Release_Delay_Sign|ARM.ActiveCfg = Release|ARM
		{8D539C08-EA54-475F-B691-7BD8B8B67956}.Release_Delay_Sign|ARM.Build.0 = Release|ARM
		{8D539C08-EA54-475F-B691-7BD8B8B67956}.Release_Delay_Sign|x64.ActiveCfg = Release|x64
		{8D539C08-EA54-475F-B691-7BD8B8B67956}.Release_Delay_Sign|x64.Build.0 = Release|x64
		{8D539C08-EA54-475F-B691-7BD8B8B67956}.Release_Delay_Sign|x86.ActiveCfg = Release|Win32
		{8D539C08-EA54-475F-B691-7BD8B8B67956}.Release_Delay_Sign|x86.Build.0 = Release|Win32
		{8D539C08-EA54-475F-B691-7BD8B8B67956}.Release|Any CPU.ActiveCfg = Release|Win32
		{8D539C08-EA54-475F-B691-7BD8B8B67956}.Release|ARM.ActiveCfg = Release|ARM
		{8D539C08-EA54-475F-B691-7BD8B8B67956}.Release|ARM.Build.0 = Release|ARM
		{8D539C08-EA54-475F-B691-7BD8B8B67956}.Release|x64.ActiveCfg = Release|x64
		{8D539C08-EA54-475F-B691-7BD8B8B67956}.Release|x64.Build.0 = Release|x64
		{8D539C08-EA54-475F-B691-7BD8B8B67956}.Release|x86.ActiveCfg = Release|Win32
		{8D539C08-EA54-475F-B691-7BD8B8B67956}.Release|x86.Build.0 = Release|Win32
		{FF83E5D3-4F9D-47ED-82B6-B1FD087CDBCA}.Debug|Any CPU.ActiveCfg = Debug|Win32
		{FF83E5D3-4F9D-47ED-82B6-B1FD087CDBCA}.Debug|ARM.ActiveCfg = Debug|ARM
		{FF83E5D3-4F9D-47ED-82B6-B1FD087CDBCA}.Debug|ARM.Build.0 = Debug|ARM
		{FF83E5D3-4F9D-47ED-82B6-B1FD087CDBCA}.Debug|ARM.Deploy.0 = Debug|ARM
		{FF83E5D3-4F9D-47ED-82B6-B1FD087CDBCA}.Debug|x64.ActiveCfg = Debug|x64
		{FF83E5D3-4F9D-47ED-82B6-B1FD087CDBCA}.Debug|x64.Build.0 = Debug|x64
		{FF83E5D3-4F9D-47ED-82B6-B1FD087CDBCA}.Debug|x64.Deploy.0 = Debug|x64
		{FF83E5D3-4F9D-47ED-82B6-B1FD087CDBCA}.Debug|x86.ActiveCfg = Debug|Win32
		{FF83E5D3-4F9D-47ED-82B6-B1FD087CDBCA}.Debug|x86.Build.0 = Debug|Win32
		{FF83E5D3-4F9D-47ED-82B6-B1FD087CDBCA}.Debug|x86.Deploy.0 = Debug|Win32
		{FF83E5D3-4F9D-47ED-82B6-B1FD087CDBCA}.Release_Delay_Sign|Any CPU.ActiveCfg = Release|x64
		{FF83E5D3-4F9D-47ED-82B6-B1FD087CDBCA}.Release_Delay_Sign|Any CPU.Build.0 = Release|x64
		{FF83E5D3-4F9D-47ED-82B6-B1FD087CDBCA}.Release_Delay_Sign|Any CPU.Deploy.0 = Release|x64
		{FF83E5D3-4F9D-47ED-82B6-B1FD087CDBCA}.Release_Delay_Sign|ARM.ActiveCfg = Release|ARM
		{FF83E5D3-4F9D-47ED-82B6-B1FD087CDBCA}.Release_Delay_Sign|ARM.Build.0 = Release|ARM
		{FF83E5D3-4F9D-47ED-82B6-B1FD087CDBCA}.Release_Delay_Sign|ARM.Deploy.0 = Release|ARM
		{FF83E5D3-4F9D-47ED-82B6-B1FD087CDBCA}.Release_Delay_Sign|x64.ActiveCfg = Release|x64
		{FF83E5D3-4F9D-47ED-82B6-B1FD087CDBCA}.Release_Delay_Sign|x64.Build.0 = Release|x64
		{FF83E5D3-4F9D-47ED-82B6-B1FD087CDBCA}.Release_Delay_Sign|x64.Deploy.0 = Release|x64
		{FF83E5D3-4F9D-47ED-82B6-B1FD087CDBCA}.Release_Delay_Sign|x86.ActiveCfg = Release|Win32
		{FF83E5D3-4F9D-47ED-82B6-B1FD087CDBCA}.Release_Delay_Sign|x86.Build.0 = Release|Win32
		{FF83E5D3-4F9D-47ED-82B6-B1FD087CDBCA}.Release_Delay_Sign|x86.Deploy.0 = Release|Win32
		{FF83E5D3-4F9D-47ED-82B6-B1FD087CDBCA}.Release|Any CPU.ActiveCfg = Release|Win32
		{FF83E5D3-4F9D-47ED-82B6-B1FD087CDBCA}.Release|ARM.ActiveCfg = Release|ARM
		{FF83E5D3-4F9D-47ED-82B6-B1FD087CDBCA}.Release|ARM.Build.0 = Release|ARM
		{FF83E5D3-4F9D-47ED-82B6-B1FD087CDBCA}.Release|ARM.Deploy.0 = Release|ARM
		{FF83E5D3-4F9D-47ED-82B6-B1FD087CDBCA}.Release|x64.ActiveCfg = Release|x64
		{FF83E5D3-4F9D-47ED-82B6-B1FD087CDBCA}.Release|x64.Build.0 = Release|x64
		{FF83E5D3-4F9D-47ED-82B6-B1FD087CDBCA}.Release|x64.Deploy.0 = Release|x64
		{FF83E5D3-4F9D-47ED-82B6-B1FD087CDBCA}.Release|x86.ActiveCfg = Release|Win32
		{FF83E5D3-4F9D-47ED-82B6-B1FD087CDBCA}.Release|x86.Build.0 = Release|Win32
		{FF83E5D3-4F9D-47ED-82B6-B1FD087CDBCA}.Release|x86.Deploy.0 = Release|Win32
		{2783A617-8E1D-40D1-9684-DFAEB8DD5406}.Debug|Any CPU.ActiveCfg = Debug|Win32
		{2783A617-8E1D-40D1-9684-DFAEB8DD5406}.Debug|ARM.ActiveCfg = Debug|ARM
		{2783A617-8E1D-40D1-9684-DFAEB8DD5406}.Debug|ARM.Build.0 = Debug|ARM
		{2783A617-8E1D-40D1-9684-DFAEB8DD5406}.Debug|x64.ActiveCfg = Debug|x64
		{2783A617-8E1D-40D1-9684-DFAEB8DD5406}.Debug|x64.Build.0 = Debug|x64
		{2783A617-8E1D-40D1-9684-DFAEB8DD5406}.Debug|x86.ActiveCfg = Debug|Win32
		{2783A617-8E1D-40D1-9684-DFAEB8DD5406}.Debug|x86.Build.0 = Debug|Win32
		{2783A617-8E1D-40D1-9684-DFAEB8DD5406}.Release_Delay_Sign|Any CPU.ActiveCfg = Release|x64
		{2783A617-8E1D-40D1-9684-DFAEB8DD5406}.Release_Delay_Sign|Any CPU.Build.0 = Release|x64
		{2783A617-8E1D-40D1-9684-DFAEB8DD5406}.Release_Delay_Sign|ARM.ActiveCfg = Release|ARM
		{2783A617-8E1D-40D1-9684-DFAEB8DD5406}.Release_Delay_Sign|ARM.Build.0 = Release|ARM
		{2783A617-8E1D-40D1-9684-DFAEB8DD5406}.Release_Delay_Sign|x64.ActiveCfg = Release|x64
		{2783A617-8E1D-40D1-9684-DFAEB8DD5406}.Release_Delay_Sign|x64.Build.0 = Release|x64
		{2783A617-8E1D-40D1-9684-DFAEB8DD5406}.Release_Delay_Sign|x86.ActiveCfg = Release|Win32
		{2783A617-8E1D-40D1-9684-DFAEB8DD5406}.Release_Delay_Sign|x86.Build.0 = Release|Win32
		{2783A617-8E1D-40D1-9684-DFAEB8DD5406}.Release|Any CPU.ActiveCfg = Release|Win32
		{2783A617-8E1D-40D1-9684-DFAEB8DD5406}.Release|ARM.ActiveCfg = Release|ARM
		{2783A617-8E1D-40D1-9684-DFAEB8DD5406}.Release|ARM.Build.0 = Release|ARM
		{2783A617-8E1D-40D1-9684-DFAEB8DD5406}.Release|x64.ActiveCfg = Release|x64
		{2783A617-8E1D-40D1-9684-DFAEB8DD5406}.Release|x64.Build.0 = Release|x64
		{2783A617-8E1D-40D1-9684-DFAEB8DD5406}.Release|x86.ActiveCfg = Release|Win32
		{2783A617-8E1D-40D1-9684-DFAEB8DD5406}.Release|x86.Build.0 = Release|Win32
		{4D445253-3BBA-455D-B324-ECE00D4FE480}.Debug|Any CPU.ActiveCfg = Debug|Win32
		{4D445253-3BBA-455D-B324-ECE00D4FE480}.Debug|ARM.ActiveCfg = Debug|ARM
		{4D445253-3BBA-455D-B324-ECE00D4FE480}.Debug|ARM.Build.0 = Debug|ARM
		{4D445253-3BBA-455D-B324-ECE00D4FE480}.Debug|x64.ActiveCfg = Debug|x64
		{4D445253-3BBA-455D-B324-ECE00D4FE480}.Debug|x64.Build.0 = Debug|x64
		{4D445253-3BBA-455D-B324-ECE00D4FE480}.Debug|x86.ActiveCfg = Debug|Win32
		{4D445253-3BBA-455D-B324-ECE00D4FE480}.Debug|x86.Build.0 = Debug|Win32
		{4D445253-3BBA-455D-B324-ECE00D4FE480}.Release_Delay_Sign|Any CPU.ActiveCfg = Release|x64
		{4D445253-3BBA-455D-B324-ECE00D4FE480}.Release_Delay_Sign|Any CPU.Build.0 = Release|x64
		{4D445253-3BBA-455D-B324-ECE00D4FE480}.Release_Delay_Sign|ARM.ActiveCfg = Release|ARM
		{4D445253-3BBA-455D-B324-ECE00D4FE480}.Release_Delay_Sign|ARM.Build.0 = Release|ARM
		{4D445253-3BBA-455D-B324-ECE00D4FE480}.Release_Delay_Sign|x64.ActiveCfg = Release|x64
		{4D445253-3BBA-455D-B324-ECE00D4FE480}.Release_Delay_Sign|x64.Build.0 = Release|x64
		{4D445253-3BBA-455D-B324-ECE00D4FE480}.Release_Delay_Sign|x86.ActiveCfg = Release|Win32
		{4D445253-3BBA-455D-B324-ECE00D4FE480}.Release_Delay_Sign|x86.Build.0 = Release|Win32
		{4D445253-3BBA-455D-B324-ECE00D4FE480}.Release|Any CPU.ActiveCfg = Release|Win32
		{4D445253-3BBA-455D-B324-ECE00D4FE480}.Release|ARM.ActiveCfg = Release|ARM
		{4D445253-3BBA-455D-B324-ECE00D4FE480}.Release|ARM.Build.0 = Release|ARM
		{4D445253-3BBA-455D-B324-ECE00D4FE480}.Release|x64.ActiveCfg = Release|x64
		{4D445253-3BBA-455D-B324-ECE00D4FE480}.Release|x64.Build.0 = Release|x64
		{4D445253-3BBA-455D-B324-ECE00D4FE480}.Release|x86.ActiveCfg = Release|Win32
		{4D445253-3BBA-455D-B324-ECE00D4FE480}.Release|x86.Build.0 = Release|Win32
		{D8A9872F-32D5-4B89-BCA0-F99B9ECD9907}.Debug|Any CPU.ActiveCfg = Debug|x86
		{D8A9872F-32D5-4B89-BCA0-F99B9ECD9907}.Debug|ARM.ActiveCfg = Debug|ARM
		{D8A9872F-32D5-4B89-BCA0-F99B9ECD9907}.Debug|ARM.Build.0 = Debug|ARM
		{D8A9872F-32D5-4B89-BCA0-F99B9ECD9907}.Debug|ARM.Deploy.0 = Debug|ARM
		{D8A9872F-32D5-4B89-BCA0-F99B9ECD9907}.Debug|x64.ActiveCfg = Debug|x64
		{D8A9872F-32D5-4B89-BCA0-F99B9ECD9907}.Debug|x64.Build.0 = Debug|x64
		{D8A9872F-32D5-4B89-BCA0-F99B9ECD9907}.Debug|x64.Deploy.0 = Debug|x64
		{D8A9872F-32D5-4B89-BCA0-F99B9ECD9907}.Debug|x86.ActiveCfg = Debug|x86
		{D8A9872F-32D5-4B89-BCA0-F99B9ECD9907}.Debug|x86.Build.0 = Debug|x86
		{D8A9872F-32D5-4B89-BCA0-F99B9ECD9907}.Debug|x86.Deploy.0 = Debug|x86
		{D8A9872F-32D5-4B89-BCA0-F99B9ECD9907}.Release_Delay_Sign|Any CPU.ActiveCfg = Release|x64
		{D8A9872F-32D5-4B89-BCA0-F99B9ECD9907}.Release_Delay_Sign|Any CPU.Build.0 = Release|x64
		{D8A9872F-32D5-4B89-BCA0-F99B9ECD9907}.Release_Delay_Sign|Any CPU.Deploy.0 = Release|x64
		{D8A9872F-32D5-4B89-BCA0-F99B9ECD9907}.Release_Delay_Sign|ARM.ActiveCfg = Release|ARM
		{D8A9872F-32D5-4B89-BCA0-F99B9ECD9907}.Release_Delay_Sign|ARM.Build.0 = Release|ARM
		{D8A9872F-32D5-4B89-BCA0-F99B9ECD9907}.Release_Delay_Sign|ARM.Deploy.0 = Release|ARM
		{D8A9872F-32D5-4B89-BCA0-F99B9ECD9907}.Release_Delay_Sign|x64.ActiveCfg = Release|x64
		{D8A9872F-32D5-4B89-BCA0-F99B9ECD9907}.Release_Delay_Sign|x64.Build.0 = Release|x64
		{D8A9872F-32D5-4B89-BCA0-F99B9ECD9907}.Release_Delay_Sign|x64.Deploy.0 = Release|x64
		{D8A9872F-32D5-4B89-BCA0-F99B9ECD9907}.Release_Delay_Sign|x86.ActiveCfg = Release|x86
		{D8A9872F-32D5-4B89-BCA0-F99B9ECD9907}.Release_Delay_Sign|x86.Build.0 = Release|x86
		{D8A9872F-32D5-4B89-BCA0-F99B9ECD9907}.Release_Delay_Sign|x86.Deploy.0 = Release|x86
		{D8A9872F-32D5-4B89-BCA0-F99B9ECD9907}.Release|Any CPU.ActiveCfg = Release|x86
		{D8A9872F-32D5-4B89-BCA0-F99B9ECD9907}.Release|ARM.ActiveCfg = Release|ARM
		{D8A9872F-32D5-4B89-BCA0-F99B9ECD9907}.Release|ARM.Build.0 = Release|ARM
		{D8A9872F-32D5-4B89-BCA0-F99B9ECD9907}.Release|ARM.Deploy.0 = Release|ARM
		{D8A9872F-32D5-4B89-BCA0-F99B9ECD9907}.Release|x64.ActiveCfg = Release|x64
		{D8A9872F-32D5-4B89-BCA0-F99B9ECD9907}.Release|x64.Build.0 = Release|x64
		{D8A9872F-32D5-4B89-BCA0-F99B9ECD9907}.Release|x64.Deploy.0 = Release|x64
		{D8A9872F-32D5-4B89-BCA0-F99B9ECD9907}.Release|x86.ActiveCfg = Release|x86
		{D8A9872F-32D5-4B89-BCA0-F99B9ECD9907}.Release|x86.Build.0 = Release|x86
		{D8A9872F-32D5-4B89-BCA0-F99B9ECD9907}.Release|x86.Deploy.0 = Release|x86
		{96E8B61D-4196-4602-A669-7FA4B160884E}.Debug|Any CPU.ActiveCfg = Debug|Any CPU
		{96E8B61D-4196-4602-A669-7FA4B160884E}.Debug|Any CPU.Build.0 = Debug|Any CPU
		{96E8B61D-4196-4602-A669-7FA4B160884E}.Debug|ARM.ActiveCfg = Debug|ARM
		{96E8B61D-4196-4602-A669-7FA4B160884E}.Debug|ARM.Build.0 = Debug|ARM
		{96E8B61D-4196-4602-A669-7FA4B160884E}.Debug|x64.ActiveCfg = Debug|x64
		{96E8B61D-4196-4602-A669-7FA4B160884E}.Debug|x64.Build.0 = Debug|x64
		{96E8B61D-4196-4602-A669-7FA4B160884E}.Debug|x86.ActiveCfg = Debug|x86
		{96E8B61D-4196-4602-A669-7FA4B160884E}.Debug|x86.Build.0 = Debug|x86
		{96E8B61D-4196-4602-A669-7FA4B160884E}.Release_Delay_Sign|Any CPU.ActiveCfg = Release|Any CPU
		{96E8B61D-4196-4602-A669-7FA4B160884E}.Release_Delay_Sign|Any CPU.Build.0 = Release|Any CPU
		{96E8B61D-4196-4602-A669-7FA4B160884E}.Release_Delay_Sign|ARM.ActiveCfg = Release|ARM
		{96E8B61D-4196-4602-A669-7FA4B160884E}.Release_Delay_Sign|ARM.Build.0 = Release|ARM
		{96E8B61D-4196-4602-A669-7FA4B160884E}.Release_Delay_Sign|x64.ActiveCfg = Release|x64
		{96E8B61D-4196-4602-A669-7FA4B160884E}.Release_Delay_Sign|x64.Build.0 = Release|x64
		{96E8B61D-4196-4602-A669-7FA4B160884E}.Release_Delay_Sign|x86.ActiveCfg = Release|x86
		{96E8B61D-4196-4602-A669-7FA4B160884E}.Release_Delay_Sign|x86.Build.0 = Release|x86
		{96E8B61D-4196-4602-A669-7FA4B160884E}.Release|Any CPU.ActiveCfg = Release|Any CPU
		{96E8B61D-4196-4602-A669-7FA4B160884E}.Release|Any CPU.Build.0 = Release|Any CPU
		{96E8B61D-4196-4602-A669-7FA4B160884E}.Release|ARM.ActiveCfg = Release|ARM
		{96E8B61D-4196-4602-A669-7FA4B160884E}.Release|ARM.Build.0 = Release|ARM
		{96E8B61D-4196-4602-A669-7FA4B160884E}.Release|x64.ActiveCfg = Release|x64
		{96E8B61D-4196-4602-A669-7FA4B160884E}.Release|x64.Build.0 = Release|x64
		{96E8B61D-4196-4602-A669-7FA4B160884E}.Release|x86.ActiveCfg = Release|x86
		{96E8B61D-4196-4602-A669-7FA4B160884E}.Release|x86.Build.0 = Release|x86
		{277A58E4-4D92-4BDB-AACD-2F8DFB5603BF}.Debug|Any CPU.ActiveCfg = Debug|Any CPU
		{277A58E4-4D92-4BDB-AACD-2F8DFB5603BF}.Debug|Any CPU.Build.0 = Debug|Any CPU
		{277A58E4-4D92-4BDB-AACD-2F8DFB5603BF}.Debug|ARM.ActiveCfg = Debug|ARM
		{277A58E4-4D92-4BDB-AACD-2F8DFB5603BF}.Debug|ARM.Build.0 = Debug|ARM
		{277A58E4-4D92-4BDB-AACD-2F8DFB5603BF}.Debug|x64.ActiveCfg = Debug|x64
		{277A58E4-4D92-4BDB-AACD-2F8DFB5603BF}.Debug|x64.Build.0 = Debug|x64
		{277A58E4-4D92-4BDB-AACD-2F8DFB5603BF}.Debug|x86.ActiveCfg = Debug|x86
		{277A58E4-4D92-4BDB-AACD-2F8DFB5603BF}.Debug|x86.Build.0 = Debug|x86
		{277A58E4-4D92-4BDB-AACD-2F8DFB5603BF}.Release_Delay_Sign|Any CPU.ActiveCfg = Release|Any CPU
		{277A58E4-4D92-4BDB-AACD-2F8DFB5603BF}.Release_Delay_Sign|Any CPU.Build.0 = Release|Any CPU
		{277A58E4-4D92-4BDB-AACD-2F8DFB5603BF}.Release_Delay_Sign|ARM.ActiveCfg = Release|ARM
		{277A58E4-4D92-4BDB-AACD-2F8DFB5603BF}.Release_Delay_Sign|ARM.Build.0 = Release|ARM
		{277A58E4-4D92-4BDB-AACD-2F8DFB5603BF}.Release_Delay_Sign|x64.ActiveCfg = Release|x64
		{277A58E4-4D92-4BDB-AACD-2F8DFB5603BF}.Release_Delay_Sign|x64.Build.0 = Release|x64
		{277A58E4-4D92-4BDB-AACD-2F8DFB5603BF}.Release_Delay_Sign|x86.ActiveCfg = Release|x86
		{277A58E4-4D92-4BDB-AACD-2F8DFB5603BF}.Release_Delay_Sign|x86.Build.0 = Release|x86
		{277A58E4-4D92-4BDB-AACD-2F8DFB5603BF}.Release|Any CPU.ActiveCfg = Release|Any CPU
		{277A58E4-4D92-4BDB-AACD-2F8DFB5603BF}.Release|Any CPU.Build.0 = Release|Any CPU
		{277A58E4-4D92-4BDB-AACD-2F8DFB5603BF}.Release|ARM.ActiveCfg = Release|ARM
		{277A58E4-4D92-4BDB-AACD-2F8DFB5603BF}.Release|ARM.Build.0 = Release|ARM
		{277A58E4-4D92-4BDB-AACD-2F8DFB5603BF}.Release|x64.ActiveCfg = Release|x64
		{277A58E4-4D92-4BDB-AACD-2F8DFB5603BF}.Release|x64.Build.0 = Release|x64
		{277A58E4-4D92-4BDB-AACD-2F8DFB5603BF}.Release|x86.ActiveCfg = Release|x86
		{277A58E4-4D92-4BDB-AACD-2F8DFB5603BF}.Release|x86.Build.0 = Release|x86
		{4AF4A6D7-40B2-465B-B1C2-CCBC8F7978C0}.Debug|Any CPU.ActiveCfg = Debug|Win32
		{4AF4A6D7-40B2-465B-B1C2-CCBC8F7978C0}.Debug|ARM.ActiveCfg = Debug|ARM
		{4AF4A6D7-40B2-465B-B1C2-CCBC8F7978C0}.Debug|ARM.Build.0 = Debug|ARM
		{4AF4A6D7-40B2-465B-B1C2-CCBC8F7978C0}.Debug|x64.ActiveCfg = Debug|x64
		{4AF4A6D7-40B2-465B-B1C2-CCBC8F7978C0}.Debug|x64.Build.0 = Debug|x64
		{4AF4A6D7-40B2-465B-B1C2-CCBC8F7978C0}.Debug|x86.ActiveCfg = Debug|Win32
		{4AF4A6D7-40B2-465B-B1C2-CCBC8F7978C0}.Debug|x86.Build.0 = Debug|Win32
		{4AF4A6D7-40B2-465B-B1C2-CCBC8F7978C0}.Release_Delay_Sign|Any CPU.ActiveCfg = Release|x64
		{4AF4A6D7-40B2-465B-B1C2-CCBC8F7978C0}.Release_Delay_Sign|Any CPU.Build.0 = Release|x64
		{4AF4A6D7-40B2-465B-B1C2-CCBC8F7978C0}.Release_Delay_Sign|ARM.ActiveCfg = Release|ARM
		{4AF4A6D7-40B2-465B-B1C2-CCBC8F7978C0}.Release_Delay_Sign|ARM.Build.0 = Release|ARM
		{4AF4A6D7-40B2-465B-B1C2-CCBC8F7978C0}.Release_Delay_Sign|x64.ActiveCfg = Release|x64
		{4AF4A6D7-40B2-465B-B1C2-CCBC8F7978C0}.Release_Delay_Sign|x64.Build.0 = Release|x64
		{4AF4A6D7-40B2-465B-B1C2-CCBC8F7978C0}.Release_Delay_Sign|x86.ActiveCfg = Release|Win32
		{4AF4A6D7-40B2-465B-B1C2-CCBC8F7978C0}.Release_Delay_Sign|x86.Build.0 = Release|Win32
		{4AF4A6D7-40B2-465B-B1C2-CCBC8F7978C0}.Release|Any CPU.ActiveCfg = Release|Win32
		{4AF4A6D7-40B2-465B-B1C2-CCBC8F7978C0}.Release|ARM.ActiveCfg = Release|ARM
		{4AF4A6D7-40B2-465B-B1C2-CCBC8F7978C0}.Release|ARM.Build.0 = Release|ARM
		{4AF4A6D7-40B2-465B-B1C2-CCBC8F7978C0}.Release|x64.ActiveCfg = Release|x64
		{4AF4A6D7-40B2-465B-B1C2-CCBC8F7978C0}.Release|x64.Build.0 = Release|x64
		{4AF4A6D7-40B2-465B-B1C2-CCBC8F7978C0}.Release|x86.ActiveCfg = Release|Win32
		{4AF4A6D7-40B2-465B-B1C2-CCBC8F7978C0}.Release|x86.Build.0 = Release|Win32
		{687E5A89-55C7-4379-BABF-02EE77C70616}.Debug|Any CPU.ActiveCfg = Debug|Win32
		{687E5A89-55C7-4379-BABF-02EE77C70616}.Debug|ARM.ActiveCfg = Debug|ARM
		{687E5A89-55C7-4379-BABF-02EE77C70616}.Debug|ARM.Build.0 = Debug|ARM
		{687E5A89-55C7-4379-BABF-02EE77C70616}.Debug|x64.ActiveCfg = Debug|x64
		{687E5A89-55C7-4379-BABF-02EE77C70616}.Debug|x64.Build.0 = Debug|x64
		{687E5A89-55C7-4379-BABF-02EE77C70616}.Debug|x86.ActiveCfg = Debug|Win32
		{687E5A89-55C7-4379-BABF-02EE77C70616}.Debug|x86.Build.0 = Debug|Win32
		{687E5A89-55C7-4379-BABF-02EE77C70616}.Release_Delay_Sign|Any CPU.ActiveCfg = Release|x64
		{687E5A89-55C7-4379-BABF-02EE77C70616}.Release_Delay_Sign|Any CPU.Build.0 = Release|x64
		{687E5A89-55C7-4379-BABF-02EE77C70616}.Release_Delay_Sign|ARM.ActiveCfg = Release|ARM
		{687E5A89-55C7-4379-BABF-02EE77C70616}.Release_Delay_Sign|ARM.Build.0 = Release|ARM
		{687E5A89-55C7-4379-BABF-02EE77C70616}.Release_Delay_Sign|x64.ActiveCfg = Release|x64
		{687E5A89-55C7-4379-BABF-02EE77C70616}.Release_Delay_Sign|x64.Build.0 = Release|x64
		{687E5A89-55C7-4379-BABF-02EE77C70616}.Release_Delay_Sign|x86.ActiveCfg = Release|Win32
		{687E5A89-55C7-4379-BABF-02EE77C70616}.Release_Delay_Sign|x86.Build.0 = Release|Win32
		{687E5A89-55C7-4379-BABF-02EE77C70616}.Release|Any CPU.ActiveCfg = Release|Win32
		{687E5A89-55C7-4379-BABF-02EE77C70616}.Release|ARM.ActiveCfg = Release|ARM
		{687E5A89-55C7-4379-BABF-02EE77C70616}.Release|ARM.Build.0 = Release|ARM
		{687E5A89-55C7-4379-BABF-02EE77C70616}.Release|x64.ActiveCfg = Release|x64
		{687E5A89-55C7-4379-BABF-02EE77C70616}.Release|x64.Build.0 = Release|x64
		{687E5A89-55C7-4379-BABF-02EE77C70616}.Release|x86.ActiveCfg = Release|Win32
		{687E5A89-55C7-4379-BABF-02EE77C70616}.Release|x86.Build.0 = Release|Win32
		{2F86D6B6-44DC-4FD4-B7A1-A9737EB730E0}.Debug|Any CPU.ActiveCfg = Debug|Win32
		{2F86D6B6-44DC-4FD4-B7A1-A9737EB730E0}.Debug|ARM.ActiveCfg = Debug|ARM
		{2F86D6B6-44DC-4FD4-B7A1-A9737EB730E0}.Debug|ARM.Build.0 = Debug|ARM
		{2F86D6B6-44DC-4FD4-B7A1-A9737EB730E0}.Debug|x64.ActiveCfg = Debug|x64
		{2F86D6B6-44DC-4FD4-B7A1-A9737EB730E0}.Debug|x64.Build.0 = Debug|x64
		{2F86D6B6-44DC-4FD4-B7A1-A9737EB730E0}.Debug|x86.ActiveCfg = Debug|Win32
		{2F86D6B6-44DC-4FD4-B7A1-A9737EB730E0}.Debug|x86.Build.0 = Debug|Win32
		{2F86D6B6-44DC-4FD4-B7A1-A9737EB730E0}.Release_Delay_Sign|Any CPU.ActiveCfg = Release|x64
		{2F86D6B6-44DC-4FD4-B7A1-A9737EB730E0}.Release_Delay_Sign|Any CPU.Build.0 = Release|x64
		{2F86D6B6-44DC-4FD4-B7A1-A9737EB730E0}.Release_Delay_Sign|ARM.ActiveCfg = Release|ARM
		{2F86D6B6-44DC-4FD4-B7A1-A9737EB730E0}.Release_Delay_Sign|ARM.Build.0 = Release|ARM
		{2F86D6B6-44DC-4FD4-B7A1-A9737EB730E0}.Release_Delay_Sign|x64.ActiveCfg = Release|x64
		{2F86D6B6-44DC-4FD4-B7A1-A9737EB730E0}.Release_Delay_Sign|x64.Build.0 = Release|x64
		{2F86D6B6-44DC-4FD4-B7A1-A9737EB730E0}.Release_Delay_Sign|x86.ActiveCfg = Release|Win32
		{2F86D6B6-44DC-4FD4-B7A1-A9737EB730E0}.Release_Delay_Sign|x86.Build.0 = Release|Win32
		{2F86D6B6-44DC-4FD4-B7A1-A9737EB730E0}.Release|Any CPU.ActiveCfg = Release|Win32
		{2F86D6B6-44DC-4FD4-B7A1-A9737EB730E0}.Release|ARM.ActiveCfg = Release|ARM
		{2F86D6B6-44DC-4FD4-B7A1-A9737EB730E0}.Release|ARM.Build.0 = Release|ARM
		{2F86D6B6-44DC-4FD4-B7A1-A9737EB730E0}.Release|x64.ActiveCfg = Release|x64
		{2F86D6B6-44DC-4FD4-B7A1-A9737EB730E0}.Release|x64.Build.0 = Release|x64
		{2F86D6B6-44DC-4FD4-B7A1-A9737EB730E0}.Release|x86.ActiveCfg = Release|Win32
		{2F86D6B6-44DC-4FD4-B7A1-A9737EB730E0}.Release|x86.Build.0 = Release|Win32
	EndGlobalSection
	GlobalSection(SolutionProperties) = preSolution
		HideSolutionNode = FALSE
	EndGlobalSection
	GlobalSection(NestedProjects) = preSolution
		{8D539C08-EA54-475F-B691-7BD8B8B67956} = {DAAB26EE-4E76-4139-8F09-8B07B743C8CB}
		{FF83E5D3-4F9D-47ED-82B6-B1FD087CDBCA} = {DAAB26EE-4E76-4139-8F09-8B07B743C8CB}
		{2783A617-8E1D-40D1-9684-DFAEB8DD5406} = {E6843F94-7181-44E9-953D-DAE96255A7BC}
		{4D445253-3BBA-455D-B324-ECE00D4FE480} = {E6843F94-7181-44E9-953D-DAE96255A7BC}
		{D8A9872F-32D5-4B89-BCA0-F99B9ECD9907} = {3079A8B5-EDDD-48A8-ACF7-1FF387B262C4}
		{96E8B61D-4196-4602-A669-7FA4B160884E} = {76B12416-A13F-4B4D-A875-2C8FC09E7E92}
		{277A58E4-4D92-4BDB-AACD-2F8DFB5603BF} = {76B12416-A13F-4B4D-A875-2C8FC09E7E92}
		{4AF4A6D7-40B2-465B-B1C2-CCBC8F7978C0} = {DDBA95A0-6162-4221-AC95-FEB5620D28A6}
		{687E5A89-55C7-4379-BABF-02EE77C70616} = {DDBA95A0-6162-4221-AC95-FEB5620D28A6}
		{2F86D6B6-44DC-4FD4-B7A1-A9737EB730E0} = {DDBA95A0-6162-4221-AC95-FEB5620D28A6}
	EndGlobalSection
EndGlobal
